
Microsoft Visual Studio Solution File, Format Version 11.00
# Visual Studio 2010
Project("{8BC9CEB8-8B4A-11D0-8D11-00A0C91BC942}") = "rplidar_driver", "rplidar_driver\rplidar_driver.vcxproj", "{1F0AA469-8A8F-4ADA-931D-967D2C5996DF}"
EndProject
Project("{8BC9CEB8-8B4A-11D0-8D11-00A0C91BC942}") = "simple_grabber", "simple_grabber\simple_grabber.vcxproj", "{5963E516-0E6B-49E0-B8A3-1CBEE86414B3}"
	ProjectSection(ProjectDependencies) = postProject
		{1F0AA469-8A8F-4ADA-931D-967D2C5996DF} = {1F0AA469-8A8F-4ADA-931D-967D2C5996DF}
	EndProjectSection
EndProject
Project("{8BC9CEB8-8B4A-11D0-8D11-00A0C91BC942}") = "frame_grabber", "frame_grabber\frame_grabber.vcxproj", "{43664C66-8311-4696-BE18-778DBCD57362}"
	ProjectSection(ProjectDependencies) = postProject
		{1F0AA469-8A8F-4ADA-931D-967D2C5996DF} = {1F0AA469-8A8F-4ADA-931D-967D2C5996DF}
	EndProjectSection
EndProject
Project("{8BC9CEB8-8B4A-11D0-8D11-00A0C91BC942}") = "ultra_simple", "ultra_simple\ultra_simple.vcxproj", "{6AE94E9D-442B-493D-ADE7-78E64E8695CB}"
EndProject
Global
	GlobalSection(SolutionConfigurationPlatforms) = preSolution
		Debug|Win32 = Debug|Win32
		Release|Win32 = Release|Win32
	EndGlobalSection
	GlobalSection(ProjectConfigurationPlatforms) = postSolution
		{1F0AA469-8A8F-4ADA-931D-967D2C5996DF}.Debug|Win32.ActiveCfg = Debug|Win32
		{1F0AA469-8A8F-4ADA-931D-967D2C5996DF}.Debug|Win32.Build.0 = Debug|Win32
		{1F0AA469-8A8F-4ADA-931D-967D2C5996DF}.Release|Win32.ActiveCfg = Release|Win32
		{1F0AA469-8A8F-4ADA-931D-967D2C5996DF}.Release|Win32.Build.0 = Release|Win32
		{5963E516-0E6B-49E0-B8A3-1CBEE86414B3}.Debug|Win32.ActiveCfg = Debug|Win32
		{5963E516-0E6B-49E0-B8A3-1CBEE86414B3}.Debug|Win32.Build.0 = Debug|Win32
		{5963E516-0E6B-49E0-B8A3-1CBEE86414B3}.Release|Win32.ActiveCfg = Release|Win32
		{5963E516-0E6B-49E0-B8A3-1CBEE86414B3}.Release|Win32.Build.0 = Release|Win32
		{43664C66-8311-4696-BE18-778DBCD57362}.Debug|Win32.ActiveCfg = Debug|Win32
		{43664C66-8311-4696-BE18-778DBCD57362}.Debug|Win32.Build.0 = Debug|Win32
		{43664C66-8311-4696-BE18-778DBCD57362}.Release|Win32.ActiveCfg = Release|Win32
		{43664C66-8311-4696-BE18-778DBCD57362}.Release|Win32.Build.0 = Release|Win32
		{6AE94E9D-442B-493D-ADE7-78E64E8695CB}.Debug|Win32.ActiveCfg = Debug|Win32
		{6AE94E9D-442B-493D-ADE7-78E64E8695CB}.Debug|Win32.Build.0 = Debug|Win32
		{6AE94E9D-442B-493D-ADE7-78E64E8695CB}.Release|Win32.ActiveCfg = Release|Win32
		{6AE94E9D-442B-493D-ADE7-78E64E8695CB}.Release|Win32.Build.0 = Release|Win32
	EndGlobalSection
	GlobalSection(SolutionProperties) = preSolution
		HideSolutionNode = FALSE
	EndGlobalSection
EndGlobal
